// !$*UTF8*$!
{
	archiveVersion = 1;
	classes = {
	};
	objectVersion = 46;
	objects = {

/* Begin PBXBuildFile section */
		0F0C87FB1F3B681800E9602F /* PostViewController.swift in Sources */ = {isa = PBXBuildFile; fileRef = 0F0C87FA1F3B681800E9602F /* PostViewController.swift */; };
		0F7302451F321A41008A75D5 /* GoogleService-Info.plist in Resources */ = {isa = PBXBuildFile; fileRef = 0F7302441F321A41008A75D5 /* GoogleService-Info.plist */; };
		0F7302471F322179008A75D5 /* PostCollectionViewCell.swift in Sources */ = {isa = PBXBuildFile; fileRef = 0F7302461F322179008A75D5 /* PostCollectionViewCell.swift */; };
		0FD0CEFC1F30E51200D0A533 /* AppDelegate.swift in Sources */ = {isa = PBXBuildFile; fileRef = 0FD0CEFB1F30E51200D0A533 /* AppDelegate.swift */; };
		0FD0CF011F30E51200D0A533 /* Main.storyboard in Resources */ = {isa = PBXBuildFile; fileRef = 0FD0CEFF1F30E51200D0A533 /* Main.storyboard */; };
		0FD0CF031F30E51200D0A533 /* Assets.xcassets in Resources */ = {isa = PBXBuildFile; fileRef = 0FD0CF021F30E51200D0A533 /* Assets.xcassets */; };
		0FD0CF061F30E51200D0A533 /* LaunchScreen.storyboard in Resources */ = {isa = PBXBuildFile; fileRef = 0FD0CF041F30E51200D0A533 /* LaunchScreen.storyboard */; };
		0FE0732D1F32B15600939400 /* PetDetailViewController.swift in Sources */ = {isa = PBXBuildFile; fileRef = 0FE0732C1F32B15600939400 /* PetDetailViewController.swift */; };
		0FE0737B1F32D08300939400 /* pet00-0.jpg in Resources */ = {isa = PBXBuildFile; fileRef = 0FE0735D1F32D08300939400 /* pet00-0.jpg */; };
		0FE0737C1F32D08300939400 /* pet00-1.jpg in Resources */ = {isa = PBXBuildFile; fileRef = 0FE0735E1F32D08300939400 /* pet00-1.jpg */; };
		0FE0737D1F32D08300939400 /* pet00-2.jpg in Resources */ = {isa = PBXBuildFile; fileRef = 0FE0735F1F32D08300939400 /* pet00-2.jpg */; };
		0FE0737E1F32D08300939400 /* pet00-3.jpg in Resources */ = {isa = PBXBuildFile; fileRef = 0FE073601F32D08300939400 /* pet00-3.jpg */; };
		0FE0737F1F32D08300939400 /* pet00-4.jpg in Resources */ = {isa = PBXBuildFile; fileRef = 0FE073611F32D08300939400 /* pet00-4.jpg */; };
		0FE073801F32D08300939400 /* pet00.jpg in Resources */ = {isa = PBXBuildFile; fileRef = 0FE073621F32D08300939400 /* pet00.jpg */; };
		0FE073811F32D08300939400 /* pet01-0.jpg in Resources */ = {isa = PBXBuildFile; fileRef = 0FE073631F32D08300939400 /* pet01-0.jpg */; };
		0FE073821F32D08300939400 /* pet01-1.jpg in Resources */ = {isa = PBXBuildFile; fileRef = 0FE073641F32D08300939400 /* pet01-1.jpg */; };
		0FE073831F32D08300939400 /* pet01-2.jpg in Resources */ = {isa = PBXBuildFile; fileRef = 0FE073651F32D08300939400 /* pet01-2.jpg */; };
		0FE073841F32D08300939400 /* pet01-3.jpg in Resources */ = {isa = PBXBuildFile; fileRef = 0FE073661F32D08300939400 /* pet01-3.jpg */; };
		0FE073851F32D08300939400 /* pet01-4.jpg in Resources */ = {isa = PBXBuildFile; fileRef = 0FE073671F32D08300939400 /* pet01-4.jpg */; };
		0FE073861F32D08300939400 /* pet01-5.jpg in Resources */ = {isa = PBXBuildFile; fileRef = 0FE073681F32D08300939400 /* pet01-5.jpg */; };
		0FE073871F32D08300939400 /* pet01.jpg in Resources */ = {isa = PBXBuildFile; fileRef = 0FE073691F32D08300939400 /* pet01.jpg */; };
		0FE073881F32D08300939400 /* pet02.jpg in Resources */ = {isa = PBXBuildFile; fileRef = 0FE0736A1F32D08300939400 /* pet02.jpg */; };
		0FE073891F32D08300939400 /* pet03.jpg in Resources */ = {isa = PBXBuildFile; fileRef = 0FE0736B1F32D08300939400 /* pet03.jpg */; };
		0FE0738A1F32D08300939400 /* pet04.jpg in Resources */ = {isa = PBXBuildFile; fileRef = 0FE0736C1F32D08300939400 /* pet04.jpg */; };
		0FE0738B1F32D08300939400 /* pet05.jpg in Resources */ = {isa = PBXBuildFile; fileRef = 0FE0736D1F32D08300939400 /* pet05.jpg */; };
		0FE0738C1F32D08300939400 /* pet06.jpg in Resources */ = {isa = PBXBuildFile; fileRef = 0FE0736E1F32D08300939400 /* pet06.jpg */; };
		0FE0738D1F32D08300939400 /* pet07.jpg in Resources */ = {isa = PBXBuildFile; fileRef = 0FE0736F1F32D08300939400 /* pet07.jpg */; };
		0FE0738E1F32D08300939400 /* pet08.jpg in Resources */ = {isa = PBXBuildFile; fileRef = 0FE073701F32D08300939400 /* pet08.jpg */; };
		0FE0738F1F32D08300939400 /* pet09.jpg in Resources */ = {isa = PBXBuildFile; fileRef = 0FE073711F32D08300939400 /* pet09.jpg */; };
		0FE073901F32D08300939400 /* pet10.jpg in Resources */ = {isa = PBXBuildFile; fileRef = 0FE073721F32D08300939400 /* pet10.jpg */; };
		0FE073911F32D08300939400 /* pet11.jpg in Resources */ = {isa = PBXBuildFile; fileRef = 0FE073731F32D08300939400 /* pet11.jpg */; };
		0FE073921F32D08300939400 /* pet12.jpg in Resources */ = {isa = PBXBuildFile; fileRef = 0FE073741F32D08300939400 /* pet12.jpg */; };
		0FE073931F32D08300939400 /* pet13.jpg in Resources */ = {isa = PBXBuildFile; fileRef = 0FE073751F32D08300939400 /* pet13.jpg */; };
		0FE073941F32D08300939400 /* pet14.jpg in Resources */ = {isa = PBXBuildFile; fileRef = 0FE073761F32D08300939400 /* pet14.jpg */; };
		0FE073951F32D08300939400 /* pet15.jpg in Resources */ = {isa = PBXBuildFile; fileRef = 0FE073771F32D08300939400 /* pet15.jpg */; };
		0FE073961F32D08300939400 /* pet16.jpg in Resources */ = {isa = PBXBuildFile; fileRef = 0FE073781F32D08300939400 /* pet16.jpg */; };
		0FE073971F32D08300939400 /* pet17.jpg in Resources */ = {isa = PBXBuildFile; fileRef = 0FE073791F32D08300939400 /* pet17.jpg */; };
		0FE073981F32D08300939400 /* pet18.jpg in Resources */ = {isa = PBXBuildFile; fileRef = 0FE0737A1F32D08300939400 /* pet18.jpg */; };
		0FE0739D1F34B3B000939400 /* Pet.swift in Sources */ = {isa = PBXBuildFile; fileRef = 0FE0739C1F34B3B000939400 /* Pet.swift */; };
		6A145E1803BDC8D455B09F12 /* Pods_LostPet.framework in Frameworks */ = {isa = PBXBuildFile; fileRef = E90A58AE5973E7FB07986901 /* Pods_LostPet.framework */; };
/* End PBXBuildFile section */

/* Begin PBXFileReference section */
		0F0C87FA1F3B681800E9602F /* PostViewController.swift */ = {isa = PBXFileReference; fileEncoding = 4; lastKnownFileType = sourcecode.swift; path = PostViewController.swift; sourceTree = "<group>"; };
		0F7302441F321A41008A75D5 /* GoogleService-Info.plist */ = {isa = PBXFileReference; fileEncoding = 4; lastKnownFileType = text.plist.xml; path = "GoogleService-Info.plist"; sourceTree = "<group>"; };
		0F7302461F322179008A75D5 /* PostCollectionViewCell.swift */ = {isa = PBXFileReference; fileEncoding = 4; lastKnownFileType = sourcecode.swift; path = PostCollectionViewCell.swift; sourceTree = "<group>"; };
		0FD0CEF81F30E51200D0A533 /* LostPet.app */ = {isa = PBXFileReference; explicitFileType = wrapper.application; includeInIndex = 0; path = LostPet.app; sourceTree = BUILT_PRODUCTS_DIR; };
		0FD0CEFB1F30E51200D0A533 /* AppDelegate.swift */ = {isa = PBXFileReference; lastKnownFileType = sourcecode.swift; path = AppDelegate.swift; sourceTree = "<group>"; };
		0FD0CF001F30E51200D0A533 /* Base */ = {isa = PBXFileReference; lastKnownFileType = file.storyboard; name = Base; path = Base.lproj/Main.storyboard; sourceTree = "<group>"; };
		0FD0CF021F30E51200D0A533 /* Assets.xcassets */ = {isa = PBXFileReference; lastKnownFileType = folder.assetcatalog; path = Assets.xcassets; sourceTree = "<group>"; };
		0FD0CF051F30E51200D0A533 /* Base */ = {isa = PBXFileReference; lastKnownFileType = file.storyboard; name = Base; path = Base.lproj/LaunchScreen.storyboard; sourceTree = "<group>"; };
		0FD0CF071F30E51200D0A533 /* Info.plist */ = {isa = PBXFileReference; lastKnownFileType = text.plist.xml; path = Info.plist; sourceTree = "<group>"; };
		0FE0732C1F32B15600939400 /* PetDetailViewController.swift */ = {isa = PBXFileReference; fileEncoding = 4; lastKnownFileType = sourcecode.swift; path = PetDetailViewController.swift; sourceTree = "<group>"; };
		0FE0735D1F32D08300939400 /* pet00-0.jpg */ = {isa = PBXFileReference; lastKnownFileType = image.jpeg; path = "pet00-0.jpg"; sourceTree = "<group>"; };
		0FE0735E1F32D08300939400 /* pet00-1.jpg */ = {isa = PBXFileReference; lastKnownFileType = image.jpeg; path = "pet00-1.jpg"; sourceTree = "<group>"; };
		0FE0735F1F32D08300939400 /* pet00-2.jpg */ = {isa = PBXFileReference; lastKnownFileType = image.jpeg; path = "pet00-2.jpg"; sourceTree = "<group>"; };
		0FE073601F32D08300939400 /* pet00-3.jpg */ = {isa = PBXFileReference; lastKnownFileType = image.jpeg; path = "pet00-3.jpg"; sourceTree = "<group>"; };
		0FE073611F32D08300939400 /* pet00-4.jpg */ = {isa = PBXFileReference; lastKnownFileType = image.jpeg; path = "pet00-4.jpg"; sourceTree = "<group>"; };
		0FE073621F32D08300939400 /* pet00.jpg */ = {isa = PBXFileReference; lastKnownFileType = image.jpeg; path = pet00.jpg; sourceTree = "<group>"; };
		0FE073631F32D08300939400 /* pet01-0.jpg */ = {isa = PBXFileReference; lastKnownFileType = image.jpeg; path = "pet01-0.jpg"; sourceTree = "<group>"; };
		0FE073641F32D08300939400 /* pet01-1.jpg */ = {isa = PBXFileReference; lastKnownFileType = image.jpeg; path = "pet01-1.jpg"; sourceTree = "<group>"; };
		0FE073651F32D08300939400 /* pet01-2.jpg */ = {isa = PBXFileReference; lastKnownFileType = image.jpeg; path = "pet01-2.jpg"; sourceTree = "<group>"; };
		0FE073661F32D08300939400 /* pet01-3.jpg */ = {isa = PBXFileReference; lastKnownFileType = image.jpeg; path = "pet01-3.jpg"; sourceTree = "<group>"; };
		0FE073671F32D08300939400 /* pet01-4.jpg */ = {isa = PBXFileReference; lastKnownFileType = image.jpeg; path = "pet01-4.jpg"; sourceTree = "<group>"; };
		0FE073681F32D08300939400 /* pet01-5.jpg */ = {isa = PBXFileReference; lastKnownFileType = image.jpeg; path = "pet01-5.jpg"; sourceTree = "<group>"; };
		0FE073691F32D08300939400 /* pet01.jpg */ = {isa = PBXFileReference; lastKnownFileType = image.jpeg; path = pet01.jpg; sourceTree = "<group>"; };
		0FE0736A1F32D08300939400 /* pet02.jpg */ = {isa = PBXFileReference; lastKnownFileType = image.jpeg; path = pet02.jpg; sourceTree = "<group>"; };
		0FE0736B1F32D08300939400 /* pet03.jpg */ = {isa = PBXFileReference; lastKnownFileType = image.jpeg; path = pet03.jpg; sourceTree = "<group>"; };
		0FE0736C1F32D08300939400 /* pet04.jpg */ = {isa = PBXFileReference; lastKnownFileType = image.jpeg; path = pet04.jpg; sourceTree = "<group>"; };
		0FE0736D1F32D08300939400 /* pet05.jpg */ = {isa = PBXFileReference; lastKnownFileType = image.jpeg; path = pet05.jpg; sourceTree = "<group>"; };
		0FE0736E1F32D08300939400 /* pet06.jpg */ = {isa = PBXFileReference; lastKnownFileType = image.jpeg; path = pet06.jpg; sourceTree = "<group>"; };
		0FE0736F1F32D08300939400 /* pet07.jpg */ = {isa = PBXFileReference; lastKnownFileType = image.jpeg; path = pet07.jpg; sourceTree = "<group>"; };
		0FE073701F32D08300939400 /* pet08.jpg */ = {isa = PBXFileReference; lastKnownFileType = image.jpeg; path = pet08.jpg; sourceTree = "<group>"; };
		0FE073711F32D08300939400 /* pet09.jpg */ = {isa = PBXFileReference; lastKnownFileType = image.jpeg; path = pet09.jpg; sourceTree = "<group>"; };
		0FE073721F32D08300939400 /* pet10.jpg */ = {isa = PBXFileReference; lastKnownFileType = image.jpeg; path = pet10.jpg; sourceTree = "<group>"; };
		0FE073731F32D08300939400 /* pet11.jpg */ = {isa = PBXFileReference; lastKnownFileType = image.jpeg; path = pet11.jpg; sourceTree = "<group>"; };
		0FE073741F32D08300939400 /* pet12.jpg */ = {isa = PBXFileReference; lastKnownFileType = image.jpeg; path = pet12.jpg; sourceTree = "<group>"; };
		0FE073751F32D08300939400 /* pet13.jpg */ = {isa = PBXFileReference; lastKnownFileType = image.jpeg; path = pet13.jpg; sourceTree = "<group>"; };
		0FE073761F32D08300939400 /* pet14.jpg */ = {isa = PBXFileReference; lastKnownFileType = image.jpeg; path = pet14.jpg; sourceTree = "<group>"; };
		0FE073771F32D08300939400 /* pet15.jpg */ = {isa = PBXFileReference; lastKnownFileType = image.jpeg; path = pet15.jpg; sourceTree = "<group>"; };
		0FE073781F32D08300939400 /* pet16.jpg */ = {isa = PBXFileReference; lastKnownFileType = image.jpeg; path = pet16.jpg; sourceTree = "<group>"; };
		0FE073791F32D08300939400 /* pet17.jpg */ = {isa = PBXFileReference; lastKnownFileType = image.jpeg; path = pet17.jpg; sourceTree = "<group>"; };
		0FE0737A1F32D08300939400 /* pet18.jpg */ = {isa = PBXFileReference; lastKnownFileType = image.jpeg; path = pet18.jpg; sourceTree = "<group>"; };
		0FE0739C1F34B3B000939400 /* Pet.swift */ = {isa = PBXFileReference; fileEncoding = 4; lastKnownFileType = sourcecode.swift; path = Pet.swift; sourceTree = "<group>"; };
		4CDED9C4878FD77D98372FA5 /* Pods-LostPet.debug.xcconfig */ = {isa = PBXFileReference; includeInIndex = 1; lastKnownFileType = text.xcconfig; name = "Pods-LostPet.debug.xcconfig"; path = "Pods/Target Support Files/Pods-LostPet/Pods-LostPet.debug.xcconfig"; sourceTree = "<group>"; };
		7A2D154DCED5374A9A87C7FF /* Pods-LostPet.release.xcconfig */ = {isa = PBXFileReference; includeInIndex = 1; lastKnownFileType = text.xcconfig; name = "Pods-LostPet.release.xcconfig"; path = "Pods/Target Support Files/Pods-LostPet/Pods-LostPet.release.xcconfig"; sourceTree = "<group>"; };
		E90A58AE5973E7FB07986901 /* Pods_LostPet.framework */ = {isa = PBXFileReference; explicitFileType = wrapper.framework; includeInIndex = 0; path = Pods_LostPet.framework; sourceTree = BUILT_PRODUCTS_DIR; };
/* End PBXFileReference section */

/* Begin PBXFrameworksBuildPhase section */
		0FD0CEF51F30E51200D0A533 /* Frameworks */ = {
			isa = PBXFrameworksBuildPhase;
			buildActionMask = 2147483647;
			files = (
				6A145E1803BDC8D455B09F12 /* Pods_LostPet.framework in Frameworks */,
			);
			runOnlyForDeploymentPostprocessing = 0;
		};
/* End PBXFrameworksBuildPhase section */

/* Begin PBXGroup section */
		0FD0CEEF1F30E51200D0A533 = {
			isa = PBXGroup;
			children = (
				0FD0CEFA1F30E51200D0A533 /* LostPet */,
				0FD0CEF91F30E51200D0A533 /* Products */,
				0FE0735C1F32D08300939400 /* petPhoto */,
				4EB7ED8FDD5B5A7E0384FA8E /* Pods */,
				FCDB61CCD8A330AC9FC3A7CF /* Frameworks */,
			);
			sourceTree = "<group>";
		};
		0FD0CEF91F30E51200D0A533 /* Products */ = {
			isa = PBXGroup;
			children = (
				0FD0CEF81F30E51200D0A533 /* LostPet.app */,
			);
			name = Products;
			sourceTree = "<group>";
		};
		0FD0CEFA1F30E51200D0A533 /* LostPet */ = {
			isa = PBXGroup;
			children = (
				0FD0CEFF1F30E51200D0A533 /* Main.storyboard */,
				0F0C87FA1F3B681800E9602F /* PostViewController.swift */,
				0FE0732C1F32B15600939400 /* PetDetailViewController.swift */,
				0FE0739C1F34B3B000939400 /* Pet.swift */,
				0F7302461F322179008A75D5 /* PostCollectionViewCell.swift */,
				0FE073A01F34DC6E00939400 /* Defalt File */,
			);
			path = LostPet;
			sourceTree = "<group>";
		};
		0FE0735C1F32D08300939400 /* petPhoto */ = {
			isa = PBXGroup;
			children = (
				0FE073991F32D0A600939400 /* pet00 */,
				0FE073621F32D08300939400 /* pet00.jpg */,
				0FE0739A1F32D0B300939400 /* pet01 */,
				0FE073691F32D08300939400 /* pet01.jpg */,
				0FE0736A1F32D08300939400 /* pet02.jpg */,
				0FE0736B1F32D08300939400 /* pet03.jpg */,
				0FE0736C1F32D08300939400 /* pet04.jpg */,
				0FE0736D1F32D08300939400 /* pet05.jpg */,
				0FE0736E1F32D08300939400 /* pet06.jpg */,
				0FE0736F1F32D08300939400 /* pet07.jpg */,
				0FE073701F32D08300939400 /* pet08.jpg */,
				0FE073711F32D08300939400 /* pet09.jpg */,
				0FE073721F32D08300939400 /* pet10.jpg */,
				0FE073731F32D08300939400 /* pet11.jpg */,
				0FE073741F32D08300939400 /* pet12.jpg */,
				0FE073751F32D08300939400 /* pet13.jpg */,
				0FE073761F32D08300939400 /* pet14.jpg */,
				0FE073771F32D08300939400 /* pet15.jpg */,
				0FE073781F32D08300939400 /* pet16.jpg */,
				0FE073791F32D08300939400 /* pet17.jpg */,
				0FE0737A1F32D08300939400 /* pet18.jpg */,
			);
			path = petPhoto;
			sourceTree = "<group>";
		};
		0FE073991F32D0A600939400 /* pet00 */ = {
			isa = PBXGroup;
			children = (
				0FE0735D1F32D08300939400 /* pet00-0.jpg */,
				0FE0735E1F32D08300939400 /* pet00-1.jpg */,
				0FE0735F1F32D08300939400 /* pet00-2.jpg */,
				0FE073601F32D08300939400 /* pet00-3.jpg */,
				0FE073611F32D08300939400 /* pet00-4.jpg */,
			);
			name = pet00;
			sourceTree = "<group>";
		};
		0FE0739A1F32D0B300939400 /* pet01 */ = {
			isa = PBXGroup;
			children = (
				0FE073631F32D08300939400 /* pet01-0.jpg */,
				0FE073641F32D08300939400 /* pet01-1.jpg */,
				0FE073651F32D08300939400 /* pet01-2.jpg */,
				0FE073661F32D08300939400 /* pet01-3.jpg */,
				0FE073671F32D08300939400 /* pet01-4.jpg */,
				0FE073681F32D08300939400 /* pet01-5.jpg */,
			);
			name = pet01;
			sourceTree = "<group>";
		};
		0FE073A01F34DC6E00939400 /* Defalt File */ = {
			isa = PBXGroup;
			children = (
				0FD0CEFB1F30E51200D0A533 /* AppDelegate.swift */,
				0FD0CF021F30E51200D0A533 /* Assets.xcassets */,
				0FD0CF041F30E51200D0A533 /* LaunchScreen.storyboard */,
				0FD0CF071F30E51200D0A533 /* Info.plist */,
				0F7302441F321A41008A75D5 /* GoogleService-Info.plist */,
			);
			name = "Defalt File";
			sourceTree = "<group>";
		};
		4EB7ED8FDD5B5A7E0384FA8E /* Pods */ = {
			isa = PBXGroup;
			children = (
				4CDED9C4878FD77D98372FA5 /* Pods-LostPet.debug.xcconfig */,
				7A2D154DCED5374A9A87C7FF /* Pods-LostPet.release.xcconfig */,
			);
			name = Pods;
			sourceTree = "<group>";
		};
		FCDB61CCD8A330AC9FC3A7CF /* Frameworks */ = {
			isa = PBXGroup;
			children = (
				E90A58AE5973E7FB07986901 /* Pods_LostPet.framework */,
			);
			name = Frameworks;
			sourceTree = "<group>";
		};
/* End PBXGroup section */

/* Begin PBXNativeTarget section */
		0FD0CEF71F30E51200D0A533 /* LostPet */ = {
			isa = PBXNativeTarget;
			buildConfigurationList = 0FD0CF0A1F30E51200D0A533 /* Build configuration list for PBXNativeTarget "LostPet" */;
			buildPhases = (
				816FA4A5DDFA3BD4F1A8228F /* [CP] Check Pods Manifest.lock */,
				0FD0CEF41F30E51200D0A533 /* Sources */,
				0FD0CEF51F30E51200D0A533 /* Frameworks */,
				0FD0CEF61F30E51200D0A533 /* Resources */,
				DCD4F754774412E66B549D18 /* [CP] Embed Pods Frameworks */,
				5AB04D449F172CADA3A94594 /* [CP] Copy Pods Resources */,
			);
			buildRules = (
			);
			dependencies = (
			);
			name = LostPet;
			productName = LostPet;
			productReference = 0FD0CEF81F30E51200D0A533 /* LostPet.app */;
			productType = "com.apple.product-type.application";
		};
/* End PBXNativeTarget section */

/* Begin PBXProject section */
		0FD0CEF01F30E51200D0A533 /* Project object */ = {
			isa = PBXProject;
			attributes = {
				LastSwiftUpdateCheck = 0830;
				LastUpgradeCheck = 0830;
				ORGANIZATIONNAME = eris;
				TargetAttributes = {
					0FD0CEF71F30E51200D0A533 = {
						CreatedOnToolsVersion = 8.3.3;
						DevelopmentTeam = 47SFDBV35Y;
						ProvisioningStyle = Automatic;
					};
				};
			};
			buildConfigurationList = 0FD0CEF31F30E51200D0A533 /* Build configuration list for PBXProject "LostPet" */;
			compatibilityVersion = "Xcode 3.2";
			developmentRegion = English;
			hasScannedForEncodings = 0;
			knownRegions = (
				en,
				Base,
			);
			mainGroup = 0FD0CEEF1F30E51200D0A533;
			productRefGroup = 0FD0CEF91F30E51200D0A533 /* Products */;
			projectDirPath = "";
			projectRoot = "";
			targets = (
				0FD0CEF71F30E51200D0A533 /* LostPet */,
			);
		};
/* End PBXProject section */

/* Begin PBXResourcesBuildPhase section */
		0FD0CEF61F30E51200D0A533 /* Resources */ = {
			isa = PBXResourcesBuildPhase;
			buildActionMask = 2147483647;
			files = (
				0FE0738F1F32D08300939400 /* pet09.jpg in Resources */,
				0FD0CF061F30E51200D0A533 /* LaunchScreen.storyboard in Resources */,
				0F7302451F321A41008A75D5 /* GoogleService-Info.plist in Resources */,
				0FE073821F32D08300939400 /* pet01-1.jpg in Resources */,
				0FE073831F32D08300939400 /* pet01-2.jpg in Resources */,
				0FE073811F32D08300939400 /* pet01-0.jpg in Resources */,
				0FE073931F32D08300939400 /* pet13.jpg in Resources */,
				0FE0738C1F32D08300939400 /* pet06.jpg in Resources */,
				0FE073961F32D08300939400 /* pet16.jpg in Resources */,
				0FE0738A1F32D08300939400 /* pet04.jpg in Resources */,
				0FE0738D1F32D08300939400 /* pet07.jpg in Resources */,
				0FE073881F32D08300939400 /* pet02.jpg in Resources */,
				0FE0737D1F32D08300939400 /* pet00-2.jpg in Resources */,
				0FE073861F32D08300939400 /* pet01-5.jpg in Resources */,
				0FE073801F32D08300939400 /* pet00.jpg in Resources */,
				0FE0737E1F32D08300939400 /* pet00-3.jpg in Resources */,
				0FE073981F32D08300939400 /* pet18.jpg in Resources */,
				0FD0CF031F30E51200D0A533 /* Assets.xcassets in Resources */,
				0FE0737F1F32D08300939400 /* pet00-4.jpg in Resources */,
				0FE073841F32D08300939400 /* pet01-3.jpg in Resources */,
				0FE0738B1F32D08300939400 /* pet05.jpg in Resources */,
				0FE073971F32D08300939400 /* pet17.jpg in Resources */,
				0FE0738E1F32D08300939400 /* pet08.jpg in Resources */,
				0FE073941F32D08300939400 /* pet14.jpg in Resources */,
				0FE073891F32D08300939400 /* pet03.jpg in Resources */,
				0FE073851F32D08300939400 /* pet01-4.jpg in Resources */,
				0FD0CF011F30E51200D0A533 /* Main.storyboard in Resources */,
				0FE073901F32D08300939400 /* pet10.jpg in Resources */,
				0FE073911F32D08300939400 /* pet11.jpg in Resources */,
				0FE073921F32D08300939400 /* pet12.jpg in Resources */,
				0FE0737B1F32D08300939400 /* pet00-0.jpg in Resources */,
				0FE073871F32D08300939400 /* pet01.jpg in Resources */,
				0FE073951F32D08300939400 /* pet15.jpg in Resources */,
				0FE0737C1F32D08300939400 /* pet00-1.jpg in Resources */,
			);
			runOnlyForDeploymentPostprocessing = 0;
		};
/* End PBXResourcesBuildPhase section */

/* Begin PBXShellScriptBuildPhase section */
		5AB04D449F172CADA3A94594 /* [CP] Copy Pods Resources */ = {
			isa = PBXShellScriptBuildPhase;
			buildActionMask = 2147483647;
			files = (
			);
			inputPaths = (
			);
			name = "[CP] Copy Pods Resources";
			outputPaths = (
			);
			runOnlyForDeploymentPostprocessing = 0;
			shellPath = /bin/sh;
			shellScript = "\"${SRCROOT}/Pods/Target Support Files/Pods-LostPet/Pods-LostPet-resources.sh\"\n";
			showEnvVarsInLog = 0;
		};
		816FA4A5DDFA3BD4F1A8228F /* [CP] Check Pods Manifest.lock */ = {
			isa = PBXShellScriptBuildPhase;
			buildActionMask = 2147483647;
			files = (
			);
			inputPaths = (
			);
			name = "[CP] Check Pods Manifest.lock";
			outputPaths = (
			);
			runOnlyForDeploymentPostprocessing = 0;
			shellPath = /bin/sh;
			shellScript = "diff \"${PODS_PODFILE_DIR_PATH}/Podfile.lock\" \"${PODS_ROOT}/Manifest.lock\" > /dev/null\nif [ $? != 0 ] ; then\n    # print error to STDERR\n    echo \"error: The sandbox is not in sync with the Podfile.lock. Run 'pod install' or update your CocoaPods installation.\" >&2\n    exit 1\nfi\n";
			showEnvVarsInLog = 0;
		};
		DCD4F754774412E66B549D18 /* [CP] Embed Pods Frameworks */ = {
			isa = PBXShellScriptBuildPhase;
			buildActionMask = 2147483647;
			files = (
			);
			inputPaths = (
			);
			name = "[CP] Embed Pods Frameworks";
			outputPaths = (
			);
			runOnlyForDeploymentPostprocessing = 0;
			shellPath = /bin/sh;
			shellScript = "\"${SRCROOT}/Pods/Target Support Files/Pods-LostPet/Pods-LostPet-frameworks.sh\"\n";
			showEnvVarsInLog = 0;
		};
/* End PBXShellScriptBuildPhase section */

/* Begin PBXSourcesBuildPhase section */
		0FD0CEF41F30E51200D0A533 /* Sources */ = {
			isa = PBXSourcesBuildPhase;
			buildActionMask = 2147483647;
			files = (
				0FE0739D1F34B3B000939400 /* Pet.swift in Sources */,
				0F0C87FB1F3B681800E9602F /* PostViewController.swift in Sources */,
				0FD0CEFC1F30E51200D0A533 /* AppDelegate.swift in Sources */,
				0F7302471F322179008A75D5 /* PostCollectionViewCell.swift in Sources */,
				0FE0732D1F32B15600939400 /* PetDetailViewController.swift in Sources */,
			);
			runOnlyForDeploymentPostprocessing = 0;
		};
/* End PBXSourcesBuildPhase section */

/* Begin PBXVariantGroup section */
		0FD0CEFF1F30E51200D0A533 /* Main.storyboard */ = {
			isa = PBXVariantGroup;
			children = (
				0FD0CF001F30E51200D0A533 /* Base */,
			);
			name = Main.storyboard;
			sourceTree = "<group>";
		};
		0FD0CF041F30E51200D0A533 /* LaunchScreen.storyboard */ = {
			isa = PBXVariantGroup;
			children = (
				0FD0CF051F30E51200D0A533 /* Base */,
			);
			name = LaunchScreen.storyboard;
			sourceTree = "<group>";
		};
/* End PBXVariantGroup section */

/* Begin XCBuildConfiguration section */
		0FD0CF081F30E51200D0A533 /* Debug */ = {
			isa = XCBuildConfiguration;
			buildSettings = {
				ALWAYS_SEARCH_USER_PATHS = NO;
				CLANG_ANALYZER_NONNULL = YES;
				CLANG_ANALYZER_NUMBER_OBJECT_CONVERSION = YES_AGGRESSIVE;
				CLANG_CXX_LANGUAGE_STANDARD = "gnu++0x";
				CLANG_CXX_LIBRARY = "libc++";
				CLANG_ENABLE_MODULES = YES;
				CLANG_ENABLE_OBJC_ARC = YES;
				CLANG_WARN_BOOL_CONVERSION = YES;
				CLANG_WARN_CONSTANT_CONVERSION = YES;
				CLANG_WARN_DIRECT_OBJC_ISA_USAGE = YES_ERROR;
				CLANG_WARN_DOCUMENTATION_COMMENTS = YES;
				CLANG_WARN_EMPTY_BODY = YES;
				CLANG_WARN_ENUM_CONVERSION = YES;
				CLANG_WARN_INFINITE_RECURSION = YES;
				CLANG_WARN_INT_CONVERSION = YES;
				CLANG_WARN_OBJC_ROOT_CLASS = YES_ERROR;
				CLANG_WARN_SUSPICIOUS_MOVE = YES;
				CLANG_WARN_UNREACHABLE_CODE = YES;
				CLANG_WARN__DUPLICATE_METHOD_MATCH = YES;
				"CODE_SIGN_IDENTITY[sdk=iphoneos*]" = "iPhone Developer";
				COPY_PHASE_STRIP = NO;
				DEBUG_INFORMATION_FORMAT = dwarf;
				ENABLE_STRICT_OBJC_MSGSEND = YES;
				ENABLE_TESTABILITY = YES;
				GCC_C_LANGUAGE_STANDARD = gnu99;
				GCC_DYNAMIC_NO_PIC = NO;
				GCC_NO_COMMON_BLOCKS = YES;
				GCC_OPTIMIZATION_LEVEL = 0;
				GCC_PREPROCESSOR_DEFINITIONS = (
					"DEBUG=1",
					"$(inherited)",
				);
				GCC_WARN_64_TO_32_BIT_CONVERSION = YES;
				GCC_WARN_ABOUT_RETURN_TYPE = YES_ERROR;
				GCC_WARN_UNDECLARED_SELECTOR = YES;
				GCC_WARN_UNINITIALIZED_AUTOS = YES_AGGRESSIVE;
				GCC_WARN_UNUSED_FUNCTION = YES;
				GCC_WARN_UNUSED_VARIABLE = YES;
				IPHONEOS_DEPLOYMENT_TARGET = 10.3;
				MTL_ENABLE_DEBUG_INFO = YES;
				ONLY_ACTIVE_ARCH = YES;
				SDKROOT = iphoneos;
				SWIFT_ACTIVE_COMPILATION_CONDITIONS = DEBUG;
				SWIFT_OPTIMIZATION_LEVEL = "-Onone";
				TARGETED_DEVICE_FAMILY = "1,2";
			};
			name = Debug;
		};
		0FD0CF091F30E51200D0A533 /* Release */ = {
			isa = XCBuildConfiguration;
			buildSettings = {
				ALWAYS_SEARCH_USER_PATHS = NO;
				CLANG_ANALYZER_NONNULL = YES;
				CLANG_ANALYZER_NUMBER_OBJECT_CONVERSION = YES_AGGRESSIVE;
				CLANG_CXX_LANGUAGE_STANDARD = "gnu++0x";
				CLANG_CXX_LIBRARY = "libc++";
				CLANG_ENABLE_MODULES = YES;
				CLANG_ENABLE_OBJC_ARC = YES;
				CLANG_WARN_BOOL_CONVERSION = YES;
				CLANG_WARN_CONSTANT_CONVERSION = YES;
				CLANG_WARN_DIRECT_OBJC_ISA_USAGE = YES_ERROR;
				CLANG_WARN_DOCUMENTATION_COMMENTS = YES;
				CLANG_WARN_EMPTY_BODY = YES;
				CLANG_WARN_ENUM_CONVERSION = YES;
				CLANG_WARN_INFINITE_RECURSION = YES;
				CLANG_WARN_INT_CONVERSION = YES;
				CLANG_WARN_OBJC_ROOT_CLASS = YES_ERROR;
				CLANG_WARN_SUSPICIOUS_MOVE = YES;
				CLANG_WARN_UNREACHABLE_CODE = YES;
				CLANG_WARN__DUPLICATE_METHOD_MATCH = YES;
				"CODE_SIGN_IDENTITY[sdk=iphoneos*]" = "iPhone Developer";
				COPY_PHASE_STRIP = NO;
				DEBUG_INFORMATION_FORMAT = "dwarf-with-dsym";
				ENABLE_NS_ASSERTIONS = NO;
				ENABLE_STRICT_OBJC_MSGSEND = YES;
				GCC_C_LANGUAGE_STANDARD = gnu99;
				GCC_NO_COMMON_BLOCKS = YES;
				GCC_WARN_64_TO_32_BIT_CONVERSION = YES;
				GCC_WARN_ABOUT_RETURN_TYPE = YES_ERROR;
				GCC_WARN_UNDECLARED_SELECTOR = YES;
				GCC_WARN_UNINITIALIZED_AUTOS = YES_AGGRESSIVE;
				GCC_WARN_UNUSED_FUNCTION = YES;
				GCC_WARN_UNUSED_VARIABLE = YES;
				IPHONEOS_DEPLOYMENT_TARGET = 10.3;
				MTL_ENABLE_DEBUG_INFO = NO;
				SDKROOT = iphoneos;
				SWIFT_OPTIMIZATION_LEVEL = "-Owholemodule";
				TARGETED_DEVICE_FAMILY = "1,2";
				VALIDATE_PRODUCT = YES;
			};
			name = Release;
		};
		0FD0CF0B1F30E51200D0A533 /* Debug */ = {
			isa = XCBuildConfiguration;
			baseConfigurationReference = 4CDED9C4878FD77D98372FA5 /* Pods-LostPet.debug.xcconfig */;
			buildSettings = {
				ASSETCATALOG_COMPILER_APPICON_NAME = AppIcon;
				CODE_SIGN_IDENTITY = "iPhone Developer";
				DEVELOPMENT_TEAM = 47SFDBV35Y;
				INFOPLIST_FILE = LostPet/Info.plist;
				LD_RUNPATH_SEARCH_PATHS = "$(inherited) @executable_path/Frameworks";
				PRODUCT_BUNDLE_IDENTIFIER = com.eris.LostPet;
				PRODUCT_NAME = "$(TARGET_NAME)";
				SWIFT_VERSION = 3.0;
			};
			name = Debug;
		};
		0FD0CF0C1F30E51200D0A533 /* Release */ = {
			isa = XCBuildConfiguration;
			baseConfigurationReference = 7A2D154DCED5374A9A87C7FF /* Pods-LostPet.release.xcconfig */;
			buildSettings = {
				ASSETCATALOG_COMPILER_APPICON_NAME = AppIcon;
				CODE_SIGN_IDENTITY = "iPhone Developer";
				DEVELOPMENT_TEAM = 47SFDBV35Y;
				INFOPLIST_FILE = LostPet/Info.plist;
				LD_RUNPATH_SEARCH_PATHS = "$(inherited) @executable_path/Frameworks";
				PRODUCT_BUNDLE_IDENTIFIER = com.eris.LostPet;
				PRODUCT_NAME = "$(TARGET_NAME)";
				SWIFT_VERSION = 3.0;
			};
			name = Release;
		};
/* End XCBuildConfiguration section */

/* Begin XCConfigurationList section */
		0FD0CEF31F30E51200D0A533 /* Build configuration list for PBXProject "LostPet" */ = {
			isa = XCConfigurationList;
			buildConfigurations = (
				0FD0CF081F30E51200D0A533 /* Debug */,
				0FD0CF091F30E51200D0A533 /* Release */,
			);
			defaultConfigurationIsVisible = 0;
			defaultConfigurationName = Release;
		};
		0FD0CF0A1F30E51200D0A533 /* Build configuration list for PBXNativeTarget "LostPet" */ = {
			isa = XCConfigurationList;
			buildConfigurations = (
				0FD0CF0B1F30E51200D0A533 /* Debug */,
				0FD0CF0C1F30E51200D0A533 /* Release */,
			);
			defaultConfigurationIsVisible = 0;
			defaultConfigurationName = Release;
		};
/* End XCConfigurationList section */
	};
	rootObject = 0FD0CEF01F30E51200D0A533 /* Project object */;
}
